
Microsoft Visual Studio Solution File, Format Version 12.00
# Visual Studio Version 17
VisualStudioVersion = 17.8.34330.188
MinimumVisualStudioVersion = 10.0.40219.1
Project("{FAE04EC0-301F-11D3-BF4B-00C04F79EFBC}") = "JWT_API", "JWT_API\JWT_API.csproj", "{28FD47EC-798A-41AF-9206-8F200BAD8277}"
EndProject
Global
	GlobalSection(SolutionConfigurationPlatforms) = preSolution
		Debug|Any CPU = Debug|Any CPU
		Release|Any CPU = Release|Any CPU
	EndGlobalSection
	GlobalSection(ProjectConfigurationPlatforms) = postSolution
		{28FD47EC-798A-41AF-9206-8F200BAD8277}.Debug|Any CPU.ActiveCfg = Debug|Any CPU
		{28FD47EC-798A-41AF-9206-8F200BAD8277}.Debug|Any CPU.Build.0 = Debug|Any CPU
		{28FD47EC-798A-41AF-9206-8F200BAD8277}.Release|Any CPU.ActiveCfg = Release|Any CPU
		{28FD47EC-798A-41AF-9206-8F200BAD8277}.Release|Any CPU.Build.0 = Release|Any CPU
	EndGlobalSection
	GlobalSection(SolutionProperties) = preSolution
		HideSolutionNode = FALSE
	EndGlobalSection
	GlobalSection(ExtensibilityGlobals) = postSolution
		SolutionGuid = {F494C135-B909-4427-933F-83D72FA16321}
	EndGlobalSection
EndGlobal
